
Microsoft Visual Studio Solution File, Format Version 12.00
# Visual Studio 15
VisualStudioVersion = 15.0.27703.2047
MinimumVisualStudioVersion = 10.0.40219.1
Project("{2150E333-8FDC-42A3-9474-1A3956D46DE8}") = "Intro-OneProducer-OneConsumer-OneQueue", "Intro-OneProducer-OneConsumer-OneQueue", "{2974E79A-FAF3-4B8A-8AFF-6820601BEE1C}"
EndProject
Project("{9A19103F-16F7-4668-BE54-9A1E7A4F7556}") = "Introduction-Sender", "Introduction-Sender\Introduction-Sender.csproj", "{F24164A9-04E7-4A65-BEE4-D2CD66AD218B}"
EndProject
Project("{9A19103F-16F7-4668-BE54-9A1E7A4F7556}") = "Introduction-Receiver", "Introduction-Receiver\Introduction-Receiver.csproj", "{83A4F672-0C6A-4429-89EB-5F92C9A7040E}"
EndProject
Project("{9A19103F-16F7-4668-BE54-9A1E7A4F7556}") = "Introduction-Domain", "Introduction-Domain\Introduction-Domain.csproj", "{4C94B701-B751-41FF-A681-7FABF7B63237}"
EndProject
Project("{9A19103F-16F7-4668-BE54-9A1E7A4F7556}") = "Introduction-SharedKernel", "Introduction-SharedKernel\Introduction-SharedKernel.csproj", "{FA24D533-8E3E-4585-9417-A526B690B90B}"
EndProject
Project("{2150E333-8FDC-42A3-9474-1A3956D46DE8}") = "WorkQueue-OneProducer-TwoConsumer-OneQueue", "WorkQueue-OneProducer-TwoConsumer-OneQueue", "{F5959E8D-AEC7-437F-B98E-60A1E1F18F63}"
EndProject
Project("{9A19103F-16F7-4668-BE54-9A1E7A4F7556}") = "WorkQueue-Sender", "WorkQueue-Sender\WorkQueue-Sender.csproj", "{8F80C186-EAB1-4D95-83FC-875284F325DC}"
EndProject
Project("{9A19103F-16F7-4668-BE54-9A1E7A4F7556}") = "WorkQueue-Receiver1", "WorkQueue-Receiver1\WorkQueue-Receiver1.csproj", "{FE0C6A8B-7F19-495C-9C7C-FF8B5C311363}"
EndProject
Project("{9A19103F-16F7-4668-BE54-9A1E7A4F7556}") = "WorkQueue-Receiver2", "WorkQueue-Receiver2\WorkQueue-Receiver2.csproj", "{3D1D8F91-129E-4597-A60B-7E0A7EC88219}"
EndProject
Project("{2150E333-8FDC-42A3-9474-1A3956D46DE8}") = "PublishSubscribe-FanoutExchange", "PublishSubscribe-FanoutExchange", "{08955D58-A9EF-4BD8-94D5-1564ACD07220}"
EndProject
Project("{9A19103F-16F7-4668-BE54-9A1E7A4F7556}") = "FanoutExchange-Sender", "FanoutExchange-Sender\FanoutExchange-Sender.csproj", "{F0415C29-AE8A-417D-92FD-F8A8E89E3AFC}"
EndProject
Project("{9A19103F-16F7-4668-BE54-9A1E7A4F7556}") = "FanoutExchange-Receiver1", "FanoutExchange-Receiver1\FanoutExchange-Receiver1.csproj", "{F69D1491-D305-496A-9ACD-DA3236EEAC8B}"
EndProject
Project("{9A19103F-16F7-4668-BE54-9A1E7A4F7556}") = "FanoutExchange-Receiver2", "FanoutExchange-Receiver2\FanoutExchange-Receiver2.csproj", "{62644C3A-7677-4420-A8E8-E4EC7DC4205D}"
EndProject
Project("{2150E333-8FDC-42A3-9474-1A3956D46DE8}") = "Routing-DirectExchange", "Routing-DirectExchange", "{3E5693E6-E53F-43FF-9229-90A1BA183CF7}"
EndProject
Project("{FAE04EC0-301F-11D3-BF4B-00C04F79EFBC}") = "DirectExchange-Sender", "DirectExchange-Sender\DirectExchange-Sender.csproj", "{59E06CCE-9B79-4AD0-8361-0F7BE199DFFE}"
EndProject
Project("{FAE04EC0-301F-11D3-BF4B-00C04F79EFBC}") = "DirectExchange-Receiver1", "DirectExchange-Receiver1\DirectExchange-Receiver1.csproj", "{B56BF173-1C4A-4021-BAF0-EC8742B40461}"
EndProject
Project("{FAE04EC0-301F-11D3-BF4B-00C04F79EFBC}") = "DirectExchange-Receiver2", "DirectExchange-Receiver2\DirectExchange-Receiver2.csproj", "{67AA6D04-8F9B-4C6C-AA48-C19596F806AC}"
EndProject
Project("{2150E333-8FDC-42A3-9474-1A3956D46DE8}") = "Topics-TopicExchange", "Topics-TopicExchange", "{006E4102-DC24-49C7-94FB-C1114B8B0BF9}"
EndProject
Project("{FAE04EC0-301F-11D3-BF4B-00C04F79EFBC}") = "TopicExchange-Sender", "TopicExchange-Sender\TopicExchange-Sender.csproj", "{86A6B91B-A9A6-4314-AA2E-F6FC107F33CE}"
EndProject
Project("{FAE04EC0-301F-11D3-BF4B-00C04F79EFBC}") = "TopicExchange-Receiver1", "TopicExchange-Receiver1\TopicExchange-Receiver1.csproj", "{D5112A8E-8F41-4AD6-9AF6-5066A511A49C}"
EndProject
Project("{FAE04EC0-301F-11D3-BF4B-00C04F79EFBC}") = "TopicExchange-Receiver2", "TopicExchange-Receiver2\TopicExchange-Receiver2.csproj", "{1BD1FF2D-B6F5-4D15-AC99-DB5883557C65}"
EndProject
Project("{FAE04EC0-301F-11D3-BF4B-00C04F79EFBC}") = "TopicExchange-Receiver3", "TopicExchange-Receiver3\TopicExchange-Receiver3.csproj", "{A9DEACBB-2CE3-4BA1-90C5-FBBC0F7D1B6D}"
EndProject
Project("{2150E333-8FDC-42A3-9474-1A3956D46DE8}") = "RPC", "RPC", "{D4F73100-458F-4019-96BE-31BFB9AA007F}"
EndProject
Project("{FAE04EC0-301F-11D3-BF4B-00C04F79EFBC}") = "Rpc-Sender", "Rpc-Sender\Rpc-Sender.csproj", "{DDB9460A-CAF0-4BAB-B628-CA7E32F80ED6}"
EndProject
Project("{FAE04EC0-301F-11D3-BF4B-00C04F79EFBC}") = "Rpc-Receiver", "Rpc-Receiver\Rpc-Receiver.csproj", "{3AE0150E-7A31-4976-AEB5-11124209A76A}"
EndProject
Project("{2150E333-8FDC-42A3-9474-1A3956D46DE8}") = "Header-HeaderExchange", "Header-HeaderExchange", "{5F6EAEB3-92FC-4C8E-BE3E-15256A74280E}"
EndProject
Project("{FAE04EC0-301F-11D3-BF4B-00C04F79EFBC}") = "HeaderExchange-Sender", "HeaderExchange-Sender\HeaderExchange-Sender.csproj", "{0DA3684F-872F-4CC9-B537-CA2A6DB0C373}"
EndProject
Project("{FAE04EC0-301F-11D3-BF4B-00C04F79EFBC}") = "HeaderExchange-Receiver1", "HeaderExchange-Receiver1\HeaderExchange-Receiver1.csproj", "{4021645C-6952-42FC-8269-C7824F9C9AAE}"
EndProject
Project("{FAE04EC0-301F-11D3-BF4B-00C04F79EFBC}") = "HeaderExchange-Receiver2", "HeaderExchange-Receiver2\HeaderExchange-Receiver2.csproj", "{67575C55-927D-459A-99E5-46F535BF16CA}"
EndProject
Global
	GlobalSection(SolutionConfigurationPlatforms) = preSolution
		Debug|Any CPU = Debug|Any CPU
		Release|Any CPU = Release|Any CPU
	EndGlobalSection
	GlobalSection(ProjectConfigurationPlatforms) = postSolution
		{F24164A9-04E7-4A65-BEE4-D2CD66AD218B}.Debug|Any CPU.ActiveCfg = Debug|Any CPU
		{F24164A9-04E7-4A65-BEE4-D2CD66AD218B}.Debug|Any CPU.Build.0 = Debug|Any CPU
		{F24164A9-04E7-4A65-BEE4-D2CD66AD218B}.Release|Any CPU.ActiveCfg = Release|Any CPU
		{F24164A9-04E7-4A65-BEE4-D2CD66AD218B}.Release|Any CPU.Build.0 = Release|Any CPU
		{83A4F672-0C6A-4429-89EB-5F92C9A7040E}.Debug|Any CPU.ActiveCfg = Debug|Any CPU
		{83A4F672-0C6A-4429-89EB-5F92C9A7040E}.Debug|Any CPU.Build.0 = Debug|Any CPU
		{83A4F672-0C6A-4429-89EB-5F92C9A7040E}.Release|Any CPU.ActiveCfg = Release|Any CPU
		{83A4F672-0C6A-4429-89EB-5F92C9A7040E}.Release|Any CPU.Build.0 = Release|Any CPU
		{4C94B701-B751-41FF-A681-7FABF7B63237}.Debug|Any CPU.ActiveCfg = Debug|Any CPU
		{4C94B701-B751-41FF-A681-7FABF7B63237}.Debug|Any CPU.Build.0 = Debug|Any CPU
		{4C94B701-B751-41FF-A681-7FABF7B63237}.Release|Any CPU.ActiveCfg = Release|Any CPU
		{4C94B701-B751-41FF-A681-7FABF7B63237}.Release|Any CPU.Build.0 = Release|Any CPU
		{FA24D533-8E3E-4585-9417-A526B690B90B}.Debug|Any CPU.ActiveCfg = Debug|Any CPU
		{FA24D533-8E3E-4585-9417-A526B690B90B}.Debug|Any CPU.Build.0 = Debug|Any CPU
		{FA24D533-8E3E-4585-9417-A526B690B90B}.Release|Any CPU.ActiveCfg = Release|Any CPU
		{FA24D533-8E3E-4585-9417-A526B690B90B}.Release|Any CPU.Build.0 = Release|Any CPU
		{8F80C186-EAB1-4D95-83FC-875284F325DC}.Debug|Any CPU.ActiveCfg = Debug|Any CPU
		{8F80C186-EAB1-4D95-83FC-875284F325DC}.Debug|Any CPU.Build.0 = Debug|Any CPU
		{8F80C186-EAB1-4D95-83FC-875284F325DC}.Release|Any CPU.ActiveCfg = Release|Any CPU
		{8F80C186-EAB1-4D95-83FC-875284F325DC}.Release|Any CPU.Build.0 = Release|Any CPU
		{FE0C6A8B-7F19-495C-9C7C-FF8B5C311363}.Debug|Any CPU.ActiveCfg = Debug|Any CPU
		{FE0C6A8B-7F19-495C-9C7C-FF8B5C311363}.Debug|Any CPU.Build.0 = Debug|Any CPU
		{FE0C6A8B-7F19-495C-9C7C-FF8B5C311363}.Release|Any CPU.ActiveCfg = Release|Any CPU
		{FE0C6A8B-7F19-495C-9C7C-FF8B5C311363}.Release|Any CPU.Build.0 = Release|Any CPU
		{3D1D8F91-129E-4597-A60B-7E0A7EC88219}.Debug|Any CPU.ActiveCfg = Debug|Any CPU
		{3D1D8F91-129E-4597-A60B-7E0A7EC88219}.Debug|Any CPU.Build.0 = Debug|Any CPU
		{3D1D8F91-129E-4597-A60B-7E0A7EC88219}.Release|Any CPU.ActiveCfg = Release|Any CPU
		{3D1D8F91-129E-4597-A60B-7E0A7EC88219}.Release|Any CPU.Build.0 = Release|Any CPU
		{F0415C29-AE8A-417D-92FD-F8A8E89E3AFC}.Debug|Any CPU.ActiveCfg = Debug|Any CPU
		{F0415C29-AE8A-417D-92FD-F8A8E89E3AFC}.Debug|Any CPU.Build.0 = Debug|Any CPU
		{F0415C29-AE8A-417D-92FD-F8A8E89E3AFC}.Release|Any CPU.ActiveCfg = Release|Any CPU
		{F0415C29-AE8A-417D-92FD-F8A8E89E3AFC}.Release|Any CPU.Build.0 = Release|Any CPU
		{F69D1491-D305-496A-9ACD-DA3236EEAC8B}.Debug|Any CPU.ActiveCfg = Debug|Any CPU
		{F69D1491-D305-496A-9ACD-DA3236EEAC8B}.Debug|Any CPU.Build.0 = Debug|Any CPU
		{F69D1491-D305-496A-9ACD-DA3236EEAC8B}.Release|Any CPU.ActiveCfg = Release|Any CPU
		{F69D1491-D305-496A-9ACD-DA3236EEAC8B}.Release|Any CPU.Build.0 = Release|Any CPU
		{62644C3A-7677-4420-A8E8-E4EC7DC4205D}.Debug|Any CPU.ActiveCfg = Debug|Any CPU
		{62644C3A-7677-4420-A8E8-E4EC7DC4205D}.Debug|Any CPU.Build.0 = Debug|Any CPU
		{62644C3A-7677-4420-A8E8-E4EC7DC4205D}.Release|Any CPU.ActiveCfg = Release|Any CPU
		{62644C3A-7677-4420-A8E8-E4EC7DC4205D}.Release|Any CPU.Build.0 = Release|Any CPU
		{59E06CCE-9B79-4AD0-8361-0F7BE199DFFE}.Debug|Any CPU.ActiveCfg = Debug|Any CPU
		{59E06CCE-9B79-4AD0-8361-0F7BE199DFFE}.Debug|Any CPU.Build.0 = Debug|Any CPU
		{59E06CCE-9B79-4AD0-8361-0F7BE199DFFE}.Release|Any CPU.ActiveCfg = Release|Any CPU
		{59E06CCE-9B79-4AD0-8361-0F7BE199DFFE}.Release|Any CPU.Build.0 = Release|Any CPU
		{B56BF173-1C4A-4021-BAF0-EC8742B40461}.Debug|Any CPU.ActiveCfg = Debug|Any CPU
		{B56BF173-1C4A-4021-BAF0-EC8742B40461}.Debug|Any CPU.Build.0 = Debug|Any CPU
		{B56BF173-1C4A-4021-BAF0-EC8742B40461}.Release|Any CPU.ActiveCfg = Release|Any CPU
		{B56BF173-1C4A-4021-BAF0-EC8742B40461}.Release|Any CPU.Build.0 = Release|Any CPU
		{67AA6D04-8F9B-4C6C-AA48-C19596F806AC}.Debug|Any CPU.ActiveCfg = Debug|Any CPU
		{67AA6D04-8F9B-4C6C-AA48-C19596F806AC}.Debug|Any CPU.Build.0 = Debug|Any CPU
		{67AA6D04-8F9B-4C6C-AA48-C19596F806AC}.Release|Any CPU.ActiveCfg = Release|Any CPU
		{67AA6D04-8F9B-4C6C-AA48-C19596F806AC}.Release|Any CPU.Build.0 = Release|Any CPU
		{86A6B91B-A9A6-4314-AA2E-F6FC107F33CE}.Debug|Any CPU.ActiveCfg = Debug|Any CPU
		{86A6B91B-A9A6-4314-AA2E-F6FC107F33CE}.Debug|Any CPU.Build.0 = Debug|Any CPU
		{86A6B91B-A9A6-4314-AA2E-F6FC107F33CE}.Release|Any CPU.ActiveCfg = Release|Any CPU
		{86A6B91B-A9A6-4314-AA2E-F6FC107F33CE}.Release|Any CPU.Build.0 = Release|Any CPU
		{D5112A8E-8F41-4AD6-9AF6-5066A511A49C}.Debug|Any CPU.ActiveCfg = Debug|Any CPU
		{D5112A8E-8F41-4AD6-9AF6-5066A511A49C}.Debug|Any CPU.Build.0 = Debug|Any CPU
		{D5112A8E-8F41-4AD6-9AF6-5066A511A49C}.Release|Any CPU.ActiveCfg = Release|Any CPU
		{D5112A8E-8F41-4AD6-9AF6-5066A511A49C}.Release|Any CPU.Build.0 = Release|Any CPU
		{1BD1FF2D-B6F5-4D15-AC99-DB5883557C65}.Debug|Any CPU.ActiveCfg = Debug|Any CPU
		{1BD1FF2D-B6F5-4D15-AC99-DB5883557C65}.Debug|Any CPU.Build.0 = Debug|Any CPU
		{1BD1FF2D-B6F5-4D15-AC99-DB5883557C65}.Release|Any CPU.ActiveCfg = Release|Any CPU
		{1BD1FF2D-B6F5-4D15-AC99-DB5883557C65}.Release|Any CPU.Build.0 = Release|Any CPU
		{A9DEACBB-2CE3-4BA1-90C5-FBBC0F7D1B6D}.Debug|Any CPU.ActiveCfg = Debug|Any CPU
		{A9DEACBB-2CE3-4BA1-90C5-FBBC0F7D1B6D}.Debug|Any CPU.Build.0 = Debug|Any CPU
		{A9DEACBB-2CE3-4BA1-90C5-FBBC0F7D1B6D}.Release|Any CPU.ActiveCfg = Release|Any CPU
		{A9DEACBB-2CE3-4BA1-90C5-FBBC0F7D1B6D}.Release|Any CPU.Build.0 = Release|Any CPU
		{DDB9460A-CAF0-4BAB-B628-CA7E32F80ED6}.Debug|Any CPU.ActiveCfg = Debug|Any CPU
		{DDB9460A-CAF0-4BAB-B628-CA7E32F80ED6}.Debug|Any CPU.Build.0 = Debug|Any CPU
		{DDB9460A-CAF0-4BAB-B628-CA7E32F80ED6}.Release|Any CPU.ActiveCfg = Release|Any CPU
		{DDB9460A-CAF0-4BAB-B628-CA7E32F80ED6}.Release|Any CPU.Build.0 = Release|Any CPU
		{3AE0150E-7A31-4976-AEB5-11124209A76A}.Debug|Any CPU.ActiveCfg = Debug|Any CPU
		{3AE0150E-7A31-4976-AEB5-11124209A76A}.Debug|Any CPU.Build.0 = Debug|Any CPU
		{3AE0150E-7A31-4976-AEB5-11124209A76A}.Release|Any CPU.ActiveCfg = Release|Any CPU
		{3AE0150E-7A31-4976-AEB5-11124209A76A}.Release|Any CPU.Build.0 = Release|Any CPU
		{0DA3684F-872F-4CC9-B537-CA2A6DB0C373}.Debug|Any CPU.ActiveCfg = Debug|Any CPU
		{0DA3684F-872F-4CC9-B537-CA2A6DB0C373}.Debug|Any CPU.Build.0 = Debug|Any CPU
		{0DA3684F-872F-4CC9-B537-CA2A6DB0C373}.Release|Any CPU.ActiveCfg = Release|Any CPU
		{0DA3684F-872F-4CC9-B537-CA2A6DB0C373}.Release|Any CPU.Build.0 = Release|Any CPU
		{4021645C-6952-42FC-8269-C7824F9C9AAE}.Debug|Any CPU.ActiveCfg = Debug|Any CPU
		{4021645C-6952-42FC-8269-C7824F9C9AAE}.Debug|Any CPU.Build.0 = Debug|Any CPU
		{4021645C-6952-42FC-8269-C7824F9C9AAE}.Release|Any CPU.ActiveCfg = Release|Any CPU
		{4021645C-6952-42FC-8269-C7824F9C9AAE}.Release|Any CPU.Build.0 = Release|Any CPU
		{67575C55-927D-459A-99E5-46F535BF16CA}.Debug|Any CPU.ActiveCfg = Debug|Any CPU
		{67575C55-927D-459A-99E5-46F535BF16CA}.Debug|Any CPU.Build.0 = Debug|Any CPU
		{67575C55-927D-459A-99E5-46F535BF16CA}.Release|Any CPU.ActiveCfg = Release|Any CPU
		{67575C55-927D-459A-99E5-46F535BF16CA}.Release|Any CPU.Build.0 = Release|Any CPU
	EndGlobalSection
	GlobalSection(SolutionProperties) = preSolution
		HideSolutionNode = FALSE
	EndGlobalSection
	GlobalSection(NestedProjects) = preSolution
		{F24164A9-04E7-4A65-BEE4-D2CD66AD218B} = {2974E79A-FAF3-4B8A-8AFF-6820601BEE1C}
		{83A4F672-0C6A-4429-89EB-5F92C9A7040E} = {2974E79A-FAF3-4B8A-8AFF-6820601BEE1C}
		{4C94B701-B751-41FF-A681-7FABF7B63237} = {2974E79A-FAF3-4B8A-8AFF-6820601BEE1C}
		{FA24D533-8E3E-4585-9417-A526B690B90B} = {2974E79A-FAF3-4B8A-8AFF-6820601BEE1C}
		{8F80C186-EAB1-4D95-83FC-875284F325DC} = {F5959E8D-AEC7-437F-B98E-60A1E1F18F63}
		{FE0C6A8B-7F19-495C-9C7C-FF8B5C311363} = {F5959E8D-AEC7-437F-B98E-60A1E1F18F63}
		{3D1D8F91-129E-4597-A60B-7E0A7EC88219} = {F5959E8D-AEC7-437F-B98E-60A1E1F18F63}
		{F0415C29-AE8A-417D-92FD-F8A8E89E3AFC} = {08955D58-A9EF-4BD8-94D5-1564ACD07220}
		{F69D1491-D305-496A-9ACD-DA3236EEAC8B} = {08955D58-A9EF-4BD8-94D5-1564ACD07220}
		{62644C3A-7677-4420-A8E8-E4EC7DC4205D} = {08955D58-A9EF-4BD8-94D5-1564ACD07220}
		{59E06CCE-9B79-4AD0-8361-0F7BE199DFFE} = {3E5693E6-E53F-43FF-9229-90A1BA183CF7}
		{B56BF173-1C4A-4021-BAF0-EC8742B40461} = {3E5693E6-E53F-43FF-9229-90A1BA183CF7}
		{67AA6D04-8F9B-4C6C-AA48-C19596F806AC} = {3E5693E6-E53F-43FF-9229-90A1BA183CF7}
		{86A6B91B-A9A6-4314-AA2E-F6FC107F33CE} = {006E4102-DC24-49C7-94FB-C1114B8B0BF9}
		{D5112A8E-8F41-4AD6-9AF6-5066A511A49C} = {006E4102-DC24-49C7-94FB-C1114B8B0BF9}
		{1BD1FF2D-B6F5-4D15-AC99-DB5883557C65} = {006E4102-DC24-49C7-94FB-C1114B8B0BF9}
		{A9DEACBB-2CE3-4BA1-90C5-FBBC0F7D1B6D} = {006E4102-DC24-49C7-94FB-C1114B8B0BF9}
		{DDB9460A-CAF0-4BAB-B628-CA7E32F80ED6} = {D4F73100-458F-4019-96BE-31BFB9AA007F}
		{3AE0150E-7A31-4976-AEB5-11124209A76A} = {D4F73100-458F-4019-96BE-31BFB9AA007F}
		{0DA3684F-872F-4CC9-B537-CA2A6DB0C373} = {5F6EAEB3-92FC-4C8E-BE3E-15256A74280E}
		{4021645C-6952-42FC-8269-C7824F9C9AAE} = {5F6EAEB3-92FC-4C8E-BE3E-15256A74280E}
		{67575C55-927D-459A-99E5-46F535BF16CA} = {5F6EAEB3-92FC-4C8E-BE3E-15256A74280E}
	EndGlobalSection
	GlobalSection(ExtensibilityGlobals) = postSolution
		SolutionGuid = {AC3B6B70-ABE1-4ECC-BE78-7FD5D59A35D7}
	EndGlobalSection
EndGlobal
